
Microsoft Visual Studio Solution File, Format Version 12.00
# Visual Studio 14
VisualStudioVersion = 14.0.25420.1
MinimumVisualStudioVersion = 10.0.40219.1
Project("{FAE04EC0-301F-11D3-BF4B-00C04F79EFBC}") = "WcfServiceTest", "WcfServiceLibrary1\WcfServiceTest.csproj", "{200C7A75-8127-4525-B453-3077C7523D06}"
EndProject
Project("{FAE04EC0-301F-11D3-BF4B-00C04F79EFBC}") = "GettingStartedHost", "GettingStartedHost\GettingStartedHost.csproj", "{C2993026-75B3-4B03-B4EC-9B9874109F1F}"
EndProject
Global
	GlobalSection(SolutionConfigurationPlatforms) = preSolution
		Debug|Any CPU = Debug|Any CPU
		Release|Any CPU = Release|Any CPU
	EndGlobalSection
	GlobalSection(ProjectConfigurationPlatforms) = postSolution
		{200C7A75-8127-4525-B453-3077C7523D06}.Debug|Any CPU.ActiveCfg = Debug|Any CPU
		{200C7A75-8127-4525-B453-3077C7523D06}.Debug|Any CPU.Build.0 = Debug|Any CPU
		{200C7A75-8127-4525-B453-3077C7523D06}.Release|Any CPU.ActiveCfg = Release|Any CPU
		{200C7A75-8127-4525-B453-3077C7523D06}.Release|Any CPU.Build.0 = Release|Any CPU
		{C2993026-75B3-4B03-B4EC-9B9874109F1F}.Debug|Any CPU.ActiveCfg = Debug|Any CPU
		{C2993026-75B3-4B03-B4EC-9B9874109F1F}.Debug|Any CPU.Build.0 = Debug|Any CPU
		{C2993026-75B3-4B03-B4EC-9B9874109F1F}.Release|Any CPU.ActiveCfg = Release|Any CPU
		{C2993026-75B3-4B03-B4EC-9B9874109F1F}.Release|Any CPU.Build.0 = Release|Any CPU
	EndGlobalSection
	GlobalSection(SolutionProperties) = preSolution
		HideSolutionNode = FALSE
	EndGlobalSection
EndGlobal
